{
  "requires": true,
  "lockfileVersion": 1,
  "dependencies": {
    "@types/ramda": {
      "version": "0.26.38",
      "resolved": "https://registry.npmjs.org/@types/ramda/-/ramda-0.26.38.tgz",
      "integrity": "sha512-legQx15y72vedr5fkVTb5xZaI/OXMzJgZYbMxVL5r269sOg7fZIeitEOumcevMPOMZdqH4cMoL35VuU13TLvVA==",
      "dev": true,
      "requires": {
        "ts-toolbelt": "^4.12.0"
      }
    },
    "core-js": {
      "version": "3.5.0",
      "resolved": "https://registry.npmjs.org/core-js/-/core-js-3.5.0.tgz",
      "integrity": "sha512-Ifh3kj78gzQ7NAoJXeTu+XwzDld0QRIwjBLRqAMhuLhP3d2Av5wmgE9ycfnvK6NAEjTkQ1sDPeoEZAWO3Hx1Uw=="
    },
    "ramda": {
      "version": "0.26.1",
      "resolved": "https://registry.npmjs.org/ramda/-/ramda-0.26.1.tgz",
      "integrity": "sha512-hLWjpy7EnsDBb0p+Z3B7rPi3GDeRG5ZtiI33kJhTt+ORCd38AbAIjB/9zRIUoeTbE/AVX5ZkU7m6bznsvrf8eQ=="
    },
    "ts-toolbelt": {
      "version": "4.13.5",
      "resolved": "https://registry.npmjs.org/ts-toolbelt/-/ts-toolbelt-4.13.5.tgz",
      "integrity": "sha512-qe2/3hXY+wyKTt4Pge/YKkoOED2UiKbHgZgEb3jkS3KBJVyVWMNyb90Kzp7C3KFWcc+QkeifNO7MRwXWhNW+Mw==",
      "dev": true
    }
  }
}
